
Microsoft Visual Studio Solution File, Format Version 12.00
# Visual Studio Version 17
VisualStudioVersion = 17.0.32112.339
MinimumVisualStudioVersion = 10.0.40219.1
Project("{8BC9CEB8-8B4A-11D0-8D11-00A0C91BC942}") = "SandBox", "SandBox\SandBox.vcxproj", "{C9F1B027-1A3A-46EE-86E7-35B9CDFF82A4}"
EndProject
Project("{8BC9CEB8-8B4A-11D0-8D11-00A0C91BC942}") = "Solar", "Solar\Solar.vcxproj", "{3CF56B04-0261-47D5-A767-6F67DEE4502B}"
EndProject
Project("{8BC9CEB8-8B4A-11D0-8D11-00A0C91BC942}") = "Glad", "Solar\project\Glad\GLAD.vcxproj", "{E54C3292-3B0A-4F78-86F7-31250AAC29FA}"
EndProject
Project("{8BC9CEB8-8B4A-11D0-8D11-00A0C91BC942}") = "GLFW", "Solar\project\GLFW\GLFW.vcxproj", "{7A4F2993-47B6-4233-8D9B-3CC7FA5FCEB6}"
EndProject
Project("{8BC9CEB8-8B4A-11D0-8D11-00A0C91BC942}") = "ImGui", "Solar\project\Imgui\ImGui.vcxproj", "{A7EDE9E2-2777-4502-9FB9-BEF1DA4E98AB}"
EndProject
Global
	GlobalSection(SolutionConfigurationPlatforms) = preSolution
		Debug|x64 = Debug|x64
		Dist|x64 = Dist|x64
		Release|x64 = Release|x64
	EndGlobalSection
	GlobalSection(ProjectConfigurationPlatforms) = postSolution
		{C9F1B027-1A3A-46EE-86E7-35B9CDFF82A4}.Debug|x64.ActiveCfg = Debug|x64
		{C9F1B027-1A3A-46EE-86E7-35B9CDFF82A4}.Debug|x64.Build.0 = Debug|x64
		{C9F1B027-1A3A-46EE-86E7-35B9CDFF82A4}.Dist|x64.ActiveCfg = Dist|x64
		{C9F1B027-1A3A-46EE-86E7-35B9CDFF82A4}.Dist|x64.Build.0 = Dist|x64
		{C9F1B027-1A3A-46EE-86E7-35B9CDFF82A4}.Release|x64.ActiveCfg = Release|x64
		{C9F1B027-1A3A-46EE-86E7-35B9CDFF82A4}.Release|x64.Build.0 = Release|x64
		{3CF56B04-0261-47D5-A767-6F67DEE4502B}.Debug|x64.ActiveCfg = Debug|x64
		{3CF56B04-0261-47D5-A767-6F67DEE4502B}.Debug|x64.Build.0 = Debug|x64
		{3CF56B04-0261-47D5-A767-6F67DEE4502B}.Dist|x64.ActiveCfg = Dist|x64
		{3CF56B04-0261-47D5-A767-6F67DEE4502B}.Dist|x64.Build.0 = Dist|x64
		{3CF56B04-0261-47D5-A767-6F67DEE4502B}.Release|x64.ActiveCfg = Release|x64
		{3CF56B04-0261-47D5-A767-6F67DEE4502B}.Release|x64.Build.0 = Release|x64
		{E54C3292-3B0A-4F78-86F7-31250AAC29FA}.Debug|x64.ActiveCfg = Debug|x64
		{E54C3292-3B0A-4F78-86F7-31250AAC29FA}.Debug|x64.Build.0 = Debug|x64
		{E54C3292-3B0A-4F78-86F7-31250AAC29FA}.Dist|x64.ActiveCfg = Dist|x64
		{E54C3292-3B0A-4F78-86F7-31250AAC29FA}.Dist|x64.Build.0 = Dist|x64
		{E54C3292-3B0A-4F78-86F7-31250AAC29FA}.Release|x64.ActiveCfg = Release|x64
		{E54C3292-3B0A-4F78-86F7-31250AAC29FA}.Release|x64.Build.0 = Release|x64
		{7A4F2993-47B6-4233-8D9B-3CC7FA5FCEB6}.Debug|x64.ActiveCfg = Debug|x64
		{7A4F2993-47B6-4233-8D9B-3CC7FA5FCEB6}.Debug|x64.Build.0 = Debug|x64
		{7A4F2993-47B6-4233-8D9B-3CC7FA5FCEB6}.Dist|x64.ActiveCfg = Dist|x64
		{7A4F2993-47B6-4233-8D9B-3CC7FA5FCEB6}.Dist|x64.Build.0 = Dist|x64
		{7A4F2993-47B6-4233-8D9B-3CC7FA5FCEB6}.Release|x64.ActiveCfg = Release|x64
		{7A4F2993-47B6-4233-8D9B-3CC7FA5FCEB6}.Release|x64.Build.0 = Release|x64
		{A7EDE9E2-2777-4502-9FB9-BEF1DA4E98AB}.Debug|x64.ActiveCfg = Debug|x64
		{A7EDE9E2-2777-4502-9FB9-BEF1DA4E98AB}.Debug|x64.Build.0 = Debug|x64
		{A7EDE9E2-2777-4502-9FB9-BEF1DA4E98AB}.Dist|x64.ActiveCfg = Dist|x64
		{A7EDE9E2-2777-4502-9FB9-BEF1DA4E98AB}.Dist|x64.Build.0 = Dist|x64
		{A7EDE9E2-2777-4502-9FB9-BEF1DA4E98AB}.Release|x64.ActiveCfg = Release|x64
		{A7EDE9E2-2777-4502-9FB9-BEF1DA4E98AB}.Release|x64.Build.0 = Release|x64
	EndGlobalSection
	GlobalSection(SolutionProperties) = preSolution
		HideSolutionNode = FALSE
	EndGlobalSection
	GlobalSection(ExtensibilityGlobals) = postSolution
		SolutionGuid = {147B7488-D9C6-48D9-BDCB-04C62582E4DC}
	EndGlobalSection
EndGlobal
