<?xml version="1.0" encoding="utf-8"?>
<Project ToolsVersion="4.0" xmlns="http://schemas.microsoft.com/developer/msbuild/2003">
  <ItemGroup>
    <Filter Include="include">
      <UniqueIdentifier>{a157a7a2-42df-4992-ad09-45dd298ebb05}</UniqueIdentifier>
    </Filter>
    <Filter Include="src">
      <UniqueIdentifier>{43bee204-b62a-4c17-9bf9-2519eceb1770}</UniqueIdentifier>
    </Filter>
  </ItemGroup>
  <ItemGroup>
    <ClInclude Include="..\..\dependence\Glad\include\glad\glad.h">
      <Filter>include</Filter>
    </ClInclude>
    <ClInclude Include="..\..\dependence\Glad\include\KHR\khrplatform.h">
      <Filter>include</Filter>
    </ClInclude>
  </ItemGroup>
  <ItemGroup>
    <ClCompile Include="..\..\dependence\Glad\src\glad.c">
      <Filter>src</Filter>
    </ClCompile>
  </ItemGroup>
</Project>